// !$*UTF8*$!
{
	archiveVersion = 1;
	classes = {
	};
	objectVersion = 46;
	objects = {

/* Begin PBXBuildFile section */
		4C7388F0961AF6DB7C5F49BA /* Pods_CodeShare.framework in Frameworks */ = {isa = PBXBuildFile; fileRef = 484CD8702742FAD5CBDA18BB /* Pods_CodeShare.framework */; };
		BC1850CE1DAF204E00499006 /* CSNetHelp.swift in Sources */ = {isa = PBXBuildFile; fileRef = BC1850CD1DAF204E00499006 /* CSNetHelp.swift */; };
		BC1850D01DAF3BF500499006 /* CSUserModel.swift in Sources */ = {isa = PBXBuildFile; fileRef = BC1850CF1DAF3BF500499006 /* CSUserModel.swift */; };
		BC1F79E01DACBEF30038634C /* CSRegisterViewController.swift in Sources */ = {isa = PBXBuildFile; fileRef = BC1F79DF1DACBEF30038634C /* CSRegisterViewController.swift */; };
		BC6A2DE11DAF678E00297827 /* CSHelp.swift in Sources */ = {isa = PBXBuildFile; fileRef = BC6A2DE01DAF678E00297827 /* CSHelp.swift */; };
		BC6A2DE31DAF819300297827 /* CSTableViewController.swift in Sources */ = {isa = PBXBuildFile; fileRef = BC6A2DE21DAF819300297827 /* CSTableViewController.swift */; };
		BCAC9D0F1DAF868800DCC337 /* CSMyVideoViewController.swift in Sources */ = {isa = PBXBuildFile; fileRef = BCAC9D0E1DAF868800DCC337 /* CSMyVideoViewController.swift */; };
		BCAC9D111DAF875900DCC337 /* CSModel.swift in Sources */ = {isa = PBXBuildFile; fileRef = BCAC9D101DAF875900DCC337 /* CSModel.swift */; };
		BCAC9D141DAF8A4A00DCC337 /* CSMyVideoTableViewCell.swift in Sources */ = {isa = PBXBuildFile; fileRef = BCAC9D121DAF8A4A00DCC337 /* CSMyVideoTableViewCell.swift */; };
		BCAC9D151DAF8A4A00DCC337 /* CSMyVideoTableViewCell.xib in Resources */ = {isa = PBXBuildFile; fileRef = BCAC9D131DAF8A4A00DCC337 /* CSMyVideoTableViewCell.xib */; };
		BCED9F491DAC829C0008CF8F /* CSLoginViewController.swift in Sources */ = {isa = PBXBuildFile; fileRef = BCED9F481DAC829C0008CF8F /* CSLoginViewController.swift */; };
		BCFEA7F61DAC787400E70064 /* AppDelegate.swift in Sources */ = {isa = PBXBuildFile; fileRef = BCFEA7F51DAC787400E70064 /* AppDelegate.swift */; };
		BCFEA7F81DAC787400E70064 /* ViewController.swift in Sources */ = {isa = PBXBuildFile; fileRef = BCFEA7F71DAC787400E70064 /* ViewController.swift */; };
		BCFEA7FB1DAC787400E70064 /* Main.storyboard in Resources */ = {isa = PBXBuildFile; fileRef = BCFEA7F91DAC787400E70064 /* Main.storyboard */; };
		BCFEA7FD1DAC787400E70064 /* Assets.xcassets in Resources */ = {isa = PBXBuildFile; fileRef = BCFEA7FC1DAC787400E70064 /* Assets.xcassets */; };
		BCFEA8001DAC787400E70064 /* LaunchScreen.storyboard in Resources */ = {isa = PBXBuildFile; fileRef = BCFEA7FE1DAC787400E70064 /* LaunchScreen.storyboard */; };
		BCFEA80B1DAC79D800E70064 /* CSTabBarController.swift in Sources */ = {isa = PBXBuildFile; fileRef = BCFEA80A1DAC79D800E70064 /* CSTabBarController.swift */; };
		BCFEF4F11DADD0EE00F7CCA7 /* CodeShare.swift in Sources */ = {isa = PBXBuildFile; fileRef = BCFEF4F01DADD0EE00F7CCA7 /* CodeShare.swift */; };
/* End PBXBuildFile section */

/* Begin PBXFileReference section */
		2BDDD5549CE17CDE51AAC901 /* Pods-CodeShare.debug.xcconfig */ = {isa = PBXFileReference; includeInIndex = 1; lastKnownFileType = text.xcconfig; name = "Pods-CodeShare.debug.xcconfig"; path = "Pods/Target Support Files/Pods-CodeShare/Pods-CodeShare.debug.xcconfig"; sourceTree = "<group>"; };
		484CD8702742FAD5CBDA18BB /* Pods_CodeShare.framework */ = {isa = PBXFileReference; explicitFileType = wrapper.framework; includeInIndex = 0; path = Pods_CodeShare.framework; sourceTree = BUILT_PRODUCTS_DIR; };
		BC1850CD1DAF204E00499006 /* CSNetHelp.swift */ = {isa = PBXFileReference; fileEncoding = 4; lastKnownFileType = sourcecode.swift; path = CSNetHelp.swift; sourceTree = "<group>"; };
		BC1850CF1DAF3BF500499006 /* CSUserModel.swift */ = {isa = PBXFileReference; fileEncoding = 4; lastKnownFileType = sourcecode.swift; path = CSUserModel.swift; sourceTree = "<group>"; };
		BC1F79DF1DACBEF30038634C /* CSRegisterViewController.swift */ = {isa = PBXFileReference; fileEncoding = 4; lastKnownFileType = sourcecode.swift; path = CSRegisterViewController.swift; sourceTree = "<group>"; };
		BC6A2DE01DAF678E00297827 /* CSHelp.swift */ = {isa = PBXFileReference; fileEncoding = 4; lastKnownFileType = sourcecode.swift; path = CSHelp.swift; sourceTree = "<group>"; };
		BC6A2DE21DAF819300297827 /* CSTableViewController.swift */ = {isa = PBXFileReference; fileEncoding = 4; lastKnownFileType = sourcecode.swift; path = CSTableViewController.swift; sourceTree = "<group>"; };
		BCAC9D0E1DAF868800DCC337 /* CSMyVideoViewController.swift */ = {isa = PBXFileReference; fileEncoding = 4; lastKnownFileType = sourcecode.swift; path = CSMyVideoViewController.swift; sourceTree = "<group>"; };
		BCAC9D101DAF875900DCC337 /* CSModel.swift */ = {isa = PBXFileReference; fileEncoding = 4; lastKnownFileType = sourcecode.swift; path = CSModel.swift; sourceTree = "<group>"; };
		BCAC9D121DAF8A4A00DCC337 /* CSMyVideoTableViewCell.swift */ = {isa = PBXFileReference; fileEncoding = 4; lastKnownFileType = sourcecode.swift; path = CSMyVideoTableViewCell.swift; sourceTree = "<group>"; };
		BCAC9D131DAF8A4A00DCC337 /* CSMyVideoTableViewCell.xib */ = {isa = PBXFileReference; fileEncoding = 4; lastKnownFileType = file.xib; path = CSMyVideoTableViewCell.xib; sourceTree = "<group>"; };
		BCED9F481DAC829C0008CF8F /* CSLoginViewController.swift */ = {isa = PBXFileReference; fileEncoding = 4; lastKnownFileType = sourcecode.swift; path = CSLoginViewController.swift; sourceTree = "<group>"; };
		BCFEA7F21DAC787400E70064 /* CodeShare.app */ = {isa = PBXFileReference; explicitFileType = wrapper.application; includeInIndex = 0; path = CodeShare.app; sourceTree = BUILT_PRODUCTS_DIR; };
		BCFEA7F51DAC787400E70064 /* AppDelegate.swift */ = {isa = PBXFileReference; lastKnownFileType = sourcecode.swift; path = AppDelegate.swift; sourceTree = "<group>"; };
		BCFEA7F71DAC787400E70064 /* ViewController.swift */ = {isa = PBXFileReference; lastKnownFileType = sourcecode.swift; path = ViewController.swift; sourceTree = "<group>"; };
		BCFEA7FA1DAC787400E70064 /* Base */ = {isa = PBXFileReference; lastKnownFileType = file.storyboard; name = Base; path = Base.lproj/Main.storyboard; sourceTree = "<group>"; };
		BCFEA7FC1DAC787400E70064 /* Assets.xcassets */ = {isa = PBXFileReference; lastKnownFileType = folder.assetcatalog; path = Assets.xcassets; sourceTree = "<group>"; };
		BCFEA7FF1DAC787400E70064 /* Base */ = {isa = PBXFileReference; lastKnownFileType = file.storyboard; name = Base; path = Base.lproj/LaunchScreen.storyboard; sourceTree = "<group>"; };
		BCFEA8011DAC787400E70064 /* Info.plist */ = {isa = PBXFileReference; lastKnownFileType = text.plist.xml; path = Info.plist; sourceTree = "<group>"; };
		BCFEA80A1DAC79D800E70064 /* CSTabBarController.swift */ = {isa = PBXFileReference; fileEncoding = 4; lastKnownFileType = sourcecode.swift; path = CSTabBarController.swift; sourceTree = "<group>"; };
		BCFEF4F01DADD0EE00F7CCA7 /* CodeShare.swift */ = {isa = PBXFileReference; fileEncoding = 4; lastKnownFileType = sourcecode.swift; path = CodeShare.swift; sourceTree = "<group>"; };
		BCFEF4F21DADDD7800F7CCA7 /* CodeHeader.h */ = {isa = PBXFileReference; lastKnownFileType = sourcecode.c.h; path = CodeHeader.h; sourceTree = "<group>"; };
		C017B1798BB91F99FB67B789 /* Pods-CodeShare.release.xcconfig */ = {isa = PBXFileReference; includeInIndex = 1; lastKnownFileType = text.xcconfig; name = "Pods-CodeShare.release.xcconfig"; path = "Pods/Target Support Files/Pods-CodeShare/Pods-CodeShare.release.xcconfig"; sourceTree = "<group>"; };
/* End PBXFileReference section */

/* Begin PBXFrameworksBuildPhase section */
		BCFEA7EF1DAC787400E70064 /* Frameworks */ = {
			isa = PBXFrameworksBuildPhase;
			buildActionMask = 2147483647;
			files = (
				4C7388F0961AF6DB7C5F49BA /* Pods_CodeShare.framework in Frameworks */,
			);
			runOnlyForDeploymentPostprocessing = 0;
		};
/* End PBXFrameworksBuildPhase section */

/* Begin PBXGroup section */
		0F37EF28221880138D0FBD6E /* Frameworks */ = {
			isa = PBXGroup;
			children = (
				484CD8702742FAD5CBDA18BB /* Pods_CodeShare.framework */,
			);
			name = Frameworks;
			sourceTree = "<group>";
		};
		5A4ED9BA0231CB5F3EAA722E /* Pods */ = {
			isa = PBXGroup;
			children = (
				2BDDD5549CE17CDE51AAC901 /* Pods-CodeShare.debug.xcconfig */,
				C017B1798BB91F99FB67B789 /* Pods-CodeShare.release.xcconfig */,
			);
			name = Pods;
			sourceTree = "<group>";
		};
		BC1850CC1DAF200000499006 /* Help */ = {
			isa = PBXGroup;
			children = (
				BC1850CD1DAF204E00499006 /* CSNetHelp.swift */,
				BC6A2DE01DAF678E00297827 /* CSHelp.swift */,
			);
			path = Help;
			sourceTree = "<group>";
		};
		BCFEA7E91DAC787300E70064 = {
			isa = PBXGroup;
			children = (
				BCFEF4F21DADDD7800F7CCA7 /* CodeHeader.h */,
				BCFEA7F41DAC787400E70064 /* CodeShare */,
				BCFEA7F31DAC787400E70064 /* Products */,
				5A4ED9BA0231CB5F3EAA722E /* Pods */,
				0F37EF28221880138D0FBD6E /* Frameworks */,
			);
			sourceTree = "<group>";
		};
		BCFEA7F31DAC787400E70064 /* Products */ = {
			isa = PBXGroup;
			children = (
				BCFEA7F21DAC787400E70064 /* CodeShare.app */,
			);
			name = Products;
			sourceTree = "<group>";
		};
		BCFEA7F41DAC787400E70064 /* CodeShare */ = {
			isa = PBXGroup;
			children = (
				BC1850CC1DAF200000499006 /* Help */,
				BCFEA8071DAC794600E70064 /* Views */,
				BCFEA8081DAC794600E70064 /* Models */,
				BCFEA8091DAC794600E70064 /* Controllers */,
				BCFEA7F51DAC787400E70064 /* AppDelegate.swift */,
				BCFEA7F71DAC787400E70064 /* ViewController.swift */,
				BCFEF4F01DADD0EE00F7CCA7 /* CodeShare.swift */,
				BCFEA7F91DAC787400E70064 /* Main.storyboard */,
				BCFEA7FC1DAC787400E70064 /* Assets.xcassets */,
				BCFEA7FE1DAC787400E70064 /* LaunchScreen.storyboard */,
				BCFEA8011DAC787400E70064 /* Info.plist */,
			);
			path = CodeShare;
			sourceTree = "<group>";
		};
		BCFEA8071DAC794600E70064 /* Views */ = {
			isa = PBXGroup;
			children = (
				BCAC9D121DAF8A4A00DCC337 /* CSMyVideoTableViewCell.swift */,
				BCAC9D131DAF8A4A00DCC337 /* CSMyVideoTableViewCell.xib */,
			);
			path = Views;
			sourceTree = "<group>";
		};
		BCFEA8081DAC794600E70064 /* Models */ = {
			isa = PBXGroup;
			children = (
				BC1850CF1DAF3BF500499006 /* CSUserModel.swift */,
				BCAC9D101DAF875900DCC337 /* CSModel.swift */,
			);
			path = Models;
			sourceTree = "<group>";
		};
		BCFEA8091DAC794600E70064 /* Controllers */ = {
			isa = PBXGroup;
			children = (
				BCFEA80A1DAC79D800E70064 /* CSTabBarController.swift */,
				BCED9F481DAC829C0008CF8F /* CSLoginViewController.swift */,
				BC1F79DF1DACBEF30038634C /* CSRegisterViewController.swift */,
				BC6A2DE21DAF819300297827 /* CSTableViewController.swift */,
				BCAC9D0E1DAF868800DCC337 /* CSMyVideoViewController.swift */,
			);
			path = Controllers;
			sourceTree = "<group>";
		};
/* End PBXGroup section */

/* Begin PBXNativeTarget section */
		BCFEA7F11DAC787400E70064 /* CodeShare */ = {
			isa = PBXNativeTarget;
			buildConfigurationList = BCFEA8041DAC787400E70064 /* Build configuration list for PBXNativeTarget "CodeShare" */;
			buildPhases = (
				3DCD5FFDDC3B59262FF12906 /* [CP] Check Pods Manifest.lock */,
				BCFEA7EE1DAC787400E70064 /* Sources */,
				BCFEA7EF1DAC787400E70064 /* Frameworks */,
				BCFEA7F01DAC787400E70064 /* Resources */,
				FB4D782C1E16001B5DBBA75A /* [CP] Embed Pods Frameworks */,
				83C63CCBD7FC0B7B935DC2C0 /* [CP] Copy Pods Resources */,
			);
			buildRules = (
			);
			dependencies = (
			);
			name = CodeShare;
			productName = CodeShare;
			productReference = BCFEA7F21DAC787400E70064 /* CodeShare.app */;
			productType = "com.apple.product-type.application";
		};
/* End PBXNativeTarget section */

/* Begin PBXProject section */
		BCFEA7EA1DAC787300E70064 /* Project object */ = {
			isa = PBXProject;
			attributes = {
				LastSwiftUpdateCheck = 0720;
				LastUpgradeCheck = 0720;
				ORGANIZATIONNAME = k;
				TargetAttributes = {
					BCFEA7F11DAC787400E70064 = {
						CreatedOnToolsVersion = 7.2;
						DevelopmentTeam = Y5L4S7U78S;
					};
				};
			};
			buildConfigurationList = BCFEA7ED1DAC787300E70064 /* Build configuration list for PBXProject "CodeShare" */;
			compatibilityVersion = "Xcode 3.2";
			developmentRegion = English;
			hasScannedForEncodings = 0;
			knownRegions = (
				en,
				Base,
			);
			mainGroup = BCFEA7E91DAC787300E70064;
			productRefGroup = BCFEA7F31DAC787400E70064 /* Products */;
			projectDirPath = "";
			projectRoot = "";
			targets = (
				BCFEA7F11DAC787400E70064 /* CodeShare */,
			);
		};
/* End PBXProject section */

/* Begin PBXResourcesBuildPhase section */
		BCFEA7F01DAC787400E70064 /* Resources */ = {
			isa = PBXResourcesBuildPhase;
			buildActionMask = 2147483647;
			files = (
				BCFEA8001DAC787400E70064 /* LaunchScreen.storyboard in Resources */,
				BCAC9D151DAF8A4A00DCC337 /* CSMyVideoTableViewCell.xib in Resources */,
				BCFEA7FD1DAC787400E70064 /* Assets.xcassets in Resources */,
				BCFEA7FB1DAC787400E70064 /* Main.storyboard in Resources */,
			);
			runOnlyForDeploymentPostprocessing = 0;
		};
/* End PBXResourcesBuildPhase section */

/* Begin PBXShellScriptBuildPhase section */
		3DCD5FFDDC3B59262FF12906 /* [CP] Check Pods Manifest.lock */ = {
			isa = PBXShellScriptBuildPhase;
			buildActionMask = 2147483647;
			files = (
			);
			inputPaths = (
			);
			name = "[CP] Check Pods Manifest.lock";
			outputPaths = (
			);
			runOnlyForDeploymentPostprocessing = 0;
			shellPath = /bin/sh;
			shellScript = "diff \"${PODS_ROOT}/../Podfile.lock\" \"${PODS_ROOT}/Manifest.lock\" > /dev/null\nif [[ $? != 0 ]] ; then\n    cat << EOM\nerror: The sandbox is not in sync with the Podfile.lock. Run 'pod install' or update your CocoaPods installation.\nEOM\n    exit 1\nfi\n";
			showEnvVarsInLog = 0;
		};
		83C63CCBD7FC0B7B935DC2C0 /* [CP] Copy Pods Resources */ = {
			isa = PBXShellScriptBuildPhase;
			buildActionMask = 2147483647;
			files = (
			);
			inputPaths = (
			);
			name = "[CP] Copy Pods Resources";
			outputPaths = (
			);
			runOnlyForDeploymentPostprocessing = 0;
			shellPath = /bin/sh;
			shellScript = "\"${SRCROOT}/Pods/Target Support Files/Pods-CodeShare/Pods-CodeShare-resources.sh\"\n";
			showEnvVarsInLog = 0;
		};
		FB4D782C1E16001B5DBBA75A /* [CP] Embed Pods Frameworks */ = {
			isa = PBXShellScriptBuildPhase;
			buildActionMask = 2147483647;
			files = (
			);
			inputPaths = (
			);
			name = "[CP] Embed Pods Frameworks";
			outputPaths = (
			);
			runOnlyForDeploymentPostprocessing = 0;
			shellPath = /bin/sh;
			shellScript = "\"${SRCROOT}/Pods/Target Support Files/Pods-CodeShare/Pods-CodeShare-frameworks.sh\"\n";
			showEnvVarsInLog = 0;
		};
/* End PBXShellScriptBuildPhase section */

/* Begin PBXSourcesBuildPhase section */
		BCFEA7EE1DAC787400E70064 /* Sources */ = {
			isa = PBXSourcesBuildPhase;
			buildActionMask = 2147483647;
			files = (
				BC6A2DE11DAF678E00297827 /* CSHelp.swift in Sources */,
				BC1850CE1DAF204E00499006 /* CSNetHelp.swift in Sources */,
				BCAC9D141DAF8A4A00DCC337 /* CSMyVideoTableViewCell.swift in Sources */,
				BCED9F491DAC829C0008CF8F /* CSLoginViewController.swift in Sources */,
				BCAC9D111DAF875900DCC337 /* CSModel.swift in Sources */,
				BC1850D01DAF3BF500499006 /* CSUserModel.swift in Sources */,
				BCAC9D0F1DAF868800DCC337 /* CSMyVideoViewController.swift in Sources */,
				BCFEA7F81DAC787400E70064 /* ViewController.swift in Sources */,
				BC6A2DE31DAF819300297827 /* CSTableViewController.swift in Sources */,
				BCFEA80B1DAC79D800E70064 /* CSTabBarController.swift in Sources */,
				BC1F79E01DACBEF30038634C /* CSRegisterViewController.swift in Sources */,
				BCFEF4F11DADD0EE00F7CCA7 /* CodeShare.swift in Sources */,
				BCFEA7F61DAC787400E70064 /* AppDelegate.swift in Sources */,
			);
			runOnlyForDeploymentPostprocessing = 0;
		};
/* End PBXSourcesBuildPhase section */

/* Begin PBXVariantGroup section */
		BCFEA7F91DAC787400E70064 /* Main.storyboard */ = {
			isa = PBXVariantGroup;
			children = (
				BCFEA7FA1DAC787400E70064 /* Base */,
			);
			name = Main.storyboard;
			sourceTree = "<group>";
		};
		BCFEA7FE1DAC787400E70064 /* LaunchScreen.storyboard */ = {
			isa = PBXVariantGroup;
			children = (
				BCFEA7FF1DAC787400E70064 /* Base */,
			);
			name = LaunchScreen.storyboard;
			sourceTree = "<group>";
		};
/* End PBXVariantGroup section */

/* Begin XCBuildConfiguration section */
		BCFEA8021DAC787400E70064 /* Debug */ = {
			isa = XCBuildConfiguration;
			buildSettings = {
				ALWAYS_SEARCH_USER_PATHS = NO;
				CLANG_CXX_LANGUAGE_STANDARD = "gnu++0x";
				CLANG_CXX_LIBRARY = "libc++";
				CLANG_ENABLE_MODULES = YES;
				CLANG_ENABLE_OBJC_ARC = YES;
				CLANG_WARN_BOOL_CONVERSION = YES;
				CLANG_WARN_CONSTANT_CONVERSION = YES;
				CLANG_WARN_DIRECT_OBJC_ISA_USAGE = YES_ERROR;
				CLANG_WARN_EMPTY_BODY = YES;
				CLANG_WARN_ENUM_CONVERSION = YES;
				CLANG_WARN_INT_CONVERSION = YES;
				CLANG_WARN_OBJC_ROOT_CLASS = YES_ERROR;
				CLANG_WARN_UNREACHABLE_CODE = YES;
				CLANG_WARN__DUPLICATE_METHOD_MATCH = YES;
				"CODE_SIGN_IDENTITY[sdk=iphoneos*]" = "iPhone Developer";
				COPY_PHASE_STRIP = NO;
				DEBUG_INFORMATION_FORMAT = dwarf;
				ENABLE_STRICT_OBJC_MSGSEND = YES;
				ENABLE_TESTABILITY = YES;
				GCC_C_LANGUAGE_STANDARD = gnu99;
				GCC_DYNAMIC_NO_PIC = NO;
				GCC_NO_COMMON_BLOCKS = YES;
				GCC_OPTIMIZATION_LEVEL = 0;
				GCC_PREPROCESSOR_DEFINITIONS = (
					"DEBUG=1",
					"$(inherited)",
				);
				GCC_WARN_64_TO_32_BIT_CONVERSION = YES;
				GCC_WARN_ABOUT_RETURN_TYPE = YES_ERROR;
				GCC_WARN_UNDECLARED_SELECTOR = YES;
				GCC_WARN_UNINITIALIZED_AUTOS = YES_AGGRESSIVE;
				GCC_WARN_UNUSED_FUNCTION = YES;
				GCC_WARN_UNUSED_VARIABLE = YES;
				IPHONEOS_DEPLOYMENT_TARGET = 9.2;
				MTL_ENABLE_DEBUG_INFO = YES;
				ONLY_ACTIVE_ARCH = YES;
				SDKROOT = iphoneos;
				SWIFT_OPTIMIZATION_LEVEL = "-Onone";
			};
			name = Debug;
		};
		BCFEA8031DAC787400E70064 /* Release */ = {
			isa = XCBuildConfiguration;
			buildSettings = {
				ALWAYS_SEARCH_USER_PATHS = NO;
				CLANG_CXX_LANGUAGE_STANDARD = "gnu++0x";
				CLANG_CXX_LIBRARY = "libc++";
				CLANG_ENABLE_MODULES = YES;
				CLANG_ENABLE_OBJC_ARC = YES;
				CLANG_WARN_BOOL_CONVERSION = YES;
				CLANG_WARN_CONSTANT_CONVERSION = YES;
				CLANG_WARN_DIRECT_OBJC_ISA_USAGE = YES_ERROR;
				CLANG_WARN_EMPTY_BODY = YES;
				CLANG_WARN_ENUM_CONVERSION = YES;
				CLANG_WARN_INT_CONVERSION = YES;
				CLANG_WARN_OBJC_ROOT_CLASS = YES_ERROR;
				CLANG_WARN_UNREACHABLE_CODE = YES;
				CLANG_WARN__DUPLICATE_METHOD_MATCH = YES;
				"CODE_SIGN_IDENTITY[sdk=iphoneos*]" = "iPhone Developer";
				COPY_PHASE_STRIP = NO;
				DEBUG_INFORMATION_FORMAT = "dwarf-with-dsym";
				ENABLE_NS_ASSERTIONS = NO;
				ENABLE_STRICT_OBJC_MSGSEND = YES;
				GCC_C_LANGUAGE_STANDARD = gnu99;
				GCC_NO_COMMON_BLOCKS = YES;
				GCC_WARN_64_TO_32_BIT_CONVERSION = YES;
				GCC_WARN_ABOUT_RETURN_TYPE = YES_ERROR;
				GCC_WARN_UNDECLARED_SELECTOR = YES;
				GCC_WARN_UNINITIALIZED_AUTOS = YES_AGGRESSIVE;
				GCC_WARN_UNUSED_FUNCTION = YES;
				GCC_WARN_UNUSED_VARIABLE = YES;
				IPHONEOS_DEPLOYMENT_TARGET = 9.2;
				MTL_ENABLE_DEBUG_INFO = NO;
				SDKROOT = iphoneos;
				VALIDATE_PRODUCT = YES;
			};
			name = Release;
		};
		BCFEA8051DAC787400E70064 /* Debug */ = {
			isa = XCBuildConfiguration;
			baseConfigurationReference = 2BDDD5549CE17CDE51AAC901 /* Pods-CodeShare.debug.xcconfig */;
			buildSettings = {
				ASSETCATALOG_COMPILER_APPICON_NAME = AppIcon;
				INFOPLIST_FILE = CodeShare/Info.plist;
				LD_RUNPATH_SEARCH_PATHS = "$(inherited) @executable_path/Frameworks";
				PRODUCT_BUNDLE_IDENTIFIER = com.1000phone.CodeShare;
				PRODUCT_NAME = "$(TARGET_NAME)";
				SWIFT_OBJC_BRIDGING_HEADER = "$(SRCROOT)/CodeHeader.h";
				USER_HEADER_SEARCH_PATHS = "$(SRCROOT)/**";
			};
			name = Debug;
		};
		BCFEA8061DAC787400E70064 /* Release */ = {
			isa = XCBuildConfiguration;
			baseConfigurationReference = C017B1798BB91F99FB67B789 /* Pods-CodeShare.release.xcconfig */;
			buildSettings = {
				ASSETCATALOG_COMPILER_APPICON_NAME = AppIcon;
				INFOPLIST_FILE = CodeShare/Info.plist;
				LD_RUNPATH_SEARCH_PATHS = "$(inherited) @executable_path/Frameworks";
				PRODUCT_BUNDLE_IDENTIFIER = com.1000phone.CodeShare;
				PRODUCT_NAME = "$(TARGET_NAME)";
				SWIFT_OBJC_BRIDGING_HEADER = "$(SRCROOT)/CodeHeader.h";
				USER_HEADER_SEARCH_PATHS = "$(SRCROOT)/**";
			};
			name = Release;
		};
/* End XCBuildConfiguration section */

/* Begin XCConfigurationList section */
		BCFEA7ED1DAC787300E70064 /* Build configuration list for PBXProject "CodeShare" */ = {
			isa = XCConfigurationList;
			buildConfigurations = (
				BCFEA8021DAC787400E70064 /* Debug */,
				BCFEA8031DAC787400E70064 /* Release */,
			);
			defaultConfigurationIsVisible = 0;
			defaultConfigurationName = Release;
		};
		BCFEA8041DAC787400E70064 /* Build configuration list for PBXNativeTarget "CodeShare" */ = {
			isa = XCConfigurationList;
			buildConfigurations = (
				BCFEA8051DAC787400E70064 /* Debug */,
				BCFEA8061DAC787400E70064 /* Release */,
			);
			defaultConfigurationIsVisible = 0;
			defaultConfigurationName = Release;
		};
/* End XCConfigurationList section */
	};
	rootObject = BCFEA7EA1DAC787300E70064 /* Project object */;
}
